{
  "version": 1,
  "dependencies": {
    "net10.0": {
      "Newtonsoft.Json": {
        "type": "Transitive",
        "resolved": "13.0.4",
        "contentHash": "pdgNNMai3zv51W5aq268sujXUyx7SNdE2bj1wZcWjAQrKMFZV260lbqYop1d2GM67JI1huLRwxo9ZqnfF/lC6A=="
      },
      "aaml.application": {
        "type": "Project",
        "dependencies": {
          "AAML.Domain": "[1.0.0, )"
        }
      },
      "aaml.domain": {
        "type": "Project"
      },
      "aaml.infrastructure.common": {
        "type": "Project",
        "dependencies": {
          "AAML.Application": "[1.0.0, )",
          "AAML.Domain": "[1.0.0, )",
          "Newtonsoft.Json": "[13.0.4, )"
        }
      }
    }
  }
}